
Microsoft Visual Studio Solution File, Format Version 12.00
# Visual Studio Version 17
VisualStudioVersion = 17.11.35312.102
MinimumVisualStudioVersion = 10.0.40219.1
Project("{FAE04EC0-301F-11D3-BF4B-00C04F79EFBC}") = "RestWithASPNETErudio", "RestWithASPNETErudio\RestWithASPNETErudio.csproj", "{48427EEE-9909-4312-9049-D947F415035E}"
EndProject
Global
	GlobalSection(SolutionConfigurationPlatforms) = preSolution
		Debug|Any CPU = Debug|Any CPU
		Release|Any CPU = Release|Any CPU
	EndGlobalSection
	GlobalSection(ProjectConfigurationPlatforms) = postSolution
		{48427EEE-9909-4312-9049-D947F415035E}.Debug|Any CPU.ActiveCfg = Debug|Any CPU
		{48427EEE-9909-4312-9049-D947F415035E}.Debug|Any CPU.Build.0 = Debug|Any CPU
		{48427EEE-9909-4312-9049-D947F415035E}.Release|Any CPU.ActiveCfg = Release|Any CPU
		{48427EEE-9909-4312-9049-D947F415035E}.Release|Any CPU.Build.0 = Release|Any CPU
	EndGlobalSection
	GlobalSection(SolutionProperties) = preSolution
		HideSolutionNode = FALSE
	EndGlobalSection
	GlobalSection(ExtensibilityGlobals) = postSolution
		SolutionGuid = {4AC96F83-8B5A-4442-9238-BB5F0EF207F3}
	EndGlobalSection
EndGlobal
